# THIS IS AN AUTOGENERATED FILE. DO NOT EDIT THIS FILE DIRECTLY.
# yarn lockfile v1


"@esbuild/darwin-arm64@0.17.15":
  "integrity" "sha512-7siLjBc88Z4+6qkMDxPT2juf2e8SJxmsbNVKFY2ifWCDT72v5YJz9arlvBw5oB4W/e61H1+HDB/jnu8nNg0rLA=="
  "resolved" "https://registry.npmjs.org/@esbuild/darwin-arm64/-/darwin-arm64-0.17.15.tgz"
  "version" "0.17.15"

"@swc/core-darwin-arm64@1.3.44":
  "integrity" "sha512-Y+oVsCjXUPvr3D9YLuB1gjP84TseM/CRkbPNrf+3JXQhsPEkgxdIdFP1cl/obeqMQrRgPpvSfK+TOvGuOuV22g=="
  "resolved" "https://registry.npmjs.org/@swc/core-darwin-arm64/-/core-darwin-arm64-1.3.44.tgz"
  "version" "1.3.44"

"@swc/core@^1.3.35":
  "integrity" "sha512-RC25C8nxOCdfGS//F9Q8aHKx4XoCsxvgO+sSUhvt7zDz1Y2ruVUTu2UOH0VeE0WkA8j6oEZH+xH2SUfDUkxXdA=="
  "resolved" "https://registry.npmjs.org/@swc/core/-/core-1.3.44.tgz"
  "version" "1.3.44"
  optionalDependencies:
    "@swc/core-darwin-arm64" "1.3.44"
    "@swc/core-darwin-x64" "1.3.44"
    "@swc/core-linux-arm-gnueabihf" "1.3.44"
    "@swc/core-linux-arm64-gnu" "1.3.44"
    "@swc/core-linux-arm64-musl" "1.3.44"
    "@swc/core-linux-x64-gnu" "1.3.44"
    "@swc/core-linux-x64-musl" "1.3.44"
    "@swc/core-win32-arm64-msvc" "1.3.44"
    "@swc/core-win32-ia32-msvc" "1.3.44"
    "@swc/core-win32-x64-msvc" "1.3.44"

"@types/prop-types@*":
  "integrity" "sha512-JCB8C6SnDoQf0cNycqd/35A7MjcnK+ZTqE7judS6o7utxUCg6imJg3QK2qzHKszlTjcj2cn+NwMB2i96ubpj7w=="
  "resolved" "https://registry.npmjs.org/@types/prop-types/-/prop-types-15.7.5.tgz"
  "version" "15.7.5"

"@types/react-dom@^18.0.11":
  "integrity" "sha512-O38bPbI2CWtgw/OoQoY+BRelw7uysmXbWvw3nLWO21H1HSh+GOlqPuXshJfjmpNlKiiSDG9cc1JZAaMmVdcTlw=="
  "resolved" "https://registry.npmjs.org/@types/react-dom/-/react-dom-18.0.11.tgz"
  "version" "18.0.11"
  dependencies:
    "@types/react" "*"

"@types/react@*", "@types/react@^18.0.28":
  "integrity" "sha512-gYGXdtPQ9Cj0w2Fwqg5/ak6BcK3Z15YgjSqtyDizWUfx7mQ8drs0NBUzRRsAdoFVTO8kJ8L2TL8Skm7OFPnLUw=="
  "resolved" "https://registry.npmjs.org/@types/react/-/react-18.0.32.tgz"
  "version" "18.0.32"
  dependencies:
    "@types/prop-types" "*"
    "@types/scheduler" "*"
    "csstype" "^3.0.2"

"@types/scheduler@*":
  "integrity" "sha512-5cJ8CB4yAx7BH1oMvdU0Jh9lrEXyPkar6F9G/ERswkCuvP4KQZfZkSjcMbAICCpQTN4OuZn8tz0HiKv9TGZgrQ=="
  "resolved" "https://registry.npmjs.org/@types/scheduler/-/scheduler-0.16.3.tgz"
  "version" "0.16.3"

"@vitejs/plugin-react-swc@^3.0.0":
  "integrity" "sha512-IcBoXL/mcH7JdQr/nfDlDwTdIaH8Rg7LpfQDF4nAht+juHWIuv6WhpKPCSfY4+zztAaB07qdBoFz1XCZsgo3pQ=="
  "resolved" "https://registry.npmjs.org/@vitejs/plugin-react-swc/-/plugin-react-swc-3.2.0.tgz"
  "version" "3.2.0"
  dependencies:
    "@swc/core" "^1.3.35"

"csstype@^3.0.2":
  "integrity" "sha512-I7K1Uu0MBPzaFKg4nI5Q7Vs2t+3gWWW648spaF+Rg7pI9ds18Ugn+lvg4SHczUdKlHI5LWBXyqfS8+DufyBsgQ=="
  "resolved" "https://registry.npmjs.org/csstype/-/csstype-3.1.2.tgz"
  "version" "3.1.2"

"esbuild@^0.17.5":
  "integrity" "sha512-LBUV2VsUIc/iD9ME75qhT4aJj0r75abCVS0jakhFzOtR7TQsqQA5w0tZ+KTKnwl3kXE0MhskNdHDh/I5aCR1Zw=="
  "resolved" "https://registry.npmjs.org/esbuild/-/esbuild-0.17.15.tgz"
  "version" "0.17.15"
  optionalDependencies:
    "@esbuild/android-arm" "0.17.15"
    "@esbuild/android-arm64" "0.17.15"
    "@esbuild/android-x64" "0.17.15"
    "@esbuild/darwin-arm64" "0.17.15"
    "@esbuild/darwin-x64" "0.17.15"
    "@esbuild/freebsd-arm64" "0.17.15"
    "@esbuild/freebsd-x64" "0.17.15"
    "@esbuild/linux-arm" "0.17.15"
    "@esbuild/linux-arm64" "0.17.15"
    "@esbuild/linux-ia32" "0.17.15"
    "@esbuild/linux-loong64" "0.17.15"
    "@esbuild/linux-mips64el" "0.17.15"
    "@esbuild/linux-ppc64" "0.17.15"
    "@esbuild/linux-riscv64" "0.17.15"
    "@esbuild/linux-s390x" "0.17.15"
    "@esbuild/linux-x64" "0.17.15"
    "@esbuild/netbsd-x64" "0.17.15"
    "@esbuild/openbsd-x64" "0.17.15"
    "@esbuild/sunos-x64" "0.17.15"
    "@esbuild/win32-arm64" "0.17.15"
    "@esbuild/win32-ia32" "0.17.15"
    "@esbuild/win32-x64" "0.17.15"

"fsevents@~2.3.2":
  "integrity" "sha512-xiqMQR4xAeHTuB9uWm+fFRcIOgKBMiOBP+eXiyT7jsgVCq1bkVygt00oASowB7EdtpOHaaPgKt812P9ab+DDKA=="
  "resolved" "https://registry.npmjs.org/fsevents/-/fsevents-2.3.2.tgz"
  "version" "2.3.2"

"function-bind@^1.1.1":
  "integrity" "sha512-yIovAzMX49sF8Yl58fSCWJ5svSLuaibPxXQJFLmBObTuCr0Mf1KiPopGM9NiFjiYBCbfaa2Fh6breQ6ANVTI0A=="
  "resolved" "https://registry.npmjs.org/function-bind/-/function-bind-1.1.1.tgz"
  "version" "1.1.1"

"has@^1.0.3":
  "integrity" "sha512-f2dvO0VU6Oej7RkWJGrehjbzMAjFp5/VKPp5tTpWIV4JHHZK1/BxbFRtf/siA2SWTe09caDmVtYYzWEIbBS4zw=="
  "resolved" "https://registry.npmjs.org/has/-/has-1.0.3.tgz"
  "version" "1.0.3"
  dependencies:
    "function-bind" "^1.1.1"

"is-core-module@^2.9.0":
  "integrity" "sha512-RRjxlvLDkD1YJwDbroBHMb+cukurkDWNyHx7D3oNB5x9rb5ogcksMC5wHCadcXoo67gVr/+3GFySh3134zi6rw=="
  "resolved" "https://registry.npmjs.org/is-core-module/-/is-core-module-2.11.0.tgz"
  "version" "2.11.0"
  dependencies:
    "has" "^1.0.3"

"js-tokens@^3.0.0 || ^4.0.0":
  "integrity" "sha512-RdJUflcE3cUzKiMqQgsCu06FPu9UdIJO0beYbPhHN4k6apgJtifcoCtT9bcxOpYBtpD2kCM6Sbzg4CausW/PKQ=="
  "resolved" "https://registry.npmjs.org/js-tokens/-/js-tokens-4.0.0.tgz"
  "version" "4.0.0"

"lodash.debounce@^4.0.8":
  "integrity" "sha512-FT1yDzDYEoYWhnSGnpE/4Kj1fLZkDFyqRb7fNt6FdYOSxlUWAtp42Eh6Wb0rGIv/m9Bgo7x4GhQbm5Ys4SG5ow=="
  "resolved" "https://registry.npmjs.org/lodash.debounce/-/lodash.debounce-4.0.8.tgz"
  "version" "4.0.8"

"lodash.throttle@^4.1.1":
  "integrity" "sha512-wIkUCfVKpVsWo3JSZlc+8MB5it+2AN5W8J7YVMST30UrvcQNZ1Okbj+rbVniijTWE6FGYy4XJq/rHkas8qJMLQ=="
  "resolved" "https://registry.npmjs.org/lodash.throttle/-/lodash.throttle-4.1.1.tgz"
  "version" "4.1.1"

"loose-envify@^1.1.0":
  "integrity" "sha512-lyuxPGr/Wfhrlem2CL/UcnUc1zcqKAImBDzukY7Y5F/yQiNdko6+fRLevlw1HgMySw7f611UIY408EtxRSoK3Q=="
  "resolved" "https://registry.npmjs.org/loose-envify/-/loose-envify-1.4.0.tgz"
  "version" "1.4.0"
  dependencies:
    "js-tokens" "^3.0.0 || ^4.0.0"

"nanoid@^3.3.4":
  "integrity" "sha512-BGcqMMJuToF7i1rt+2PWSNVnWIkGCU78jBG3RxO/bZlnZPK2Cmi2QaffxGO/2RvWi9sL+FAiRiXMgsyxQ1DIDA=="
  "resolved" "https://registry.npmjs.org/nanoid/-/nanoid-3.3.6.tgz"
  "version" "3.3.6"

"path-parse@^1.0.7":
  "integrity" "sha512-LDJzPVEEEPR+y48z93A0Ed0yXb8pAByGWo/k5YYdYgpY2/2EsOsksJrq7lOHxryrVOn1ejG6oAp8ahvOIQD8sw=="
  "resolved" "https://registry.npmjs.org/path-parse/-/path-parse-1.0.7.tgz"
  "version" "1.0.7"

"picocolors@^1.0.0":
  "integrity" "sha512-1fygroTLlHu66zi26VoTDv8yRgm0Fccecssto+MhsZ0D/DGW2sm8E8AjW7NU5VVTRt5GxbeZ5qBuJr+HyLYkjQ=="
  "resolved" "https://registry.npmjs.org/picocolors/-/picocolors-1.0.0.tgz"
  "version" "1.0.0"

"postcss@^8.4.21":
  "integrity" "sha512-tP7u/Sn/dVxK2NnruI4H9BG+x+Wxz6oeZ1cJ8P6G/PZY0IKk4k/63TDsQf2kQq3+qoJeLm2kIBUNlZe3zgb4Zg=="
  "resolved" "https://registry.npmjs.org/postcss/-/postcss-8.4.21.tgz"
  "version" "8.4.21"
  dependencies:
    "nanoid" "^3.3.4"
    "picocolors" "^1.0.0"
    "source-map-js" "^1.0.2"

"react-dom@^15.x.x || ^16.x.x || ^17.x.x || ^18.x.x", "react-dom@^16.8.0  || ^17.0.0 || ^18.0.0", "react-dom@^18.2.0":
  "integrity" "sha512-6IMTriUmvsjHUjNtEDudZfuDQUoWXVxKHhlEGSk81n4YFS+r/Kl99wXiwlVXtPBtJenozv2P+hxDsw9eA7Xo6g=="
  "resolved" "https://registry.npmjs.org/react-dom/-/react-dom-18.2.0.tgz"
  "version" "18.2.0"
  dependencies:
    "loose-envify" "^1.1.0"
    "scheduler" "^0.23.0"

"react-lazy-load-image-component@^1.5.6":
  "integrity" "sha512-M0jeJtOlTHgThOfgYM9krSqYbR6ShxROy/KVankwbw9/amPKG1t5GSGN1sei6Cyu8+QJVuyAUvQ+LFtCVTTlKw=="
  "resolved" "https://registry.npmjs.org/react-lazy-load-image-component/-/react-lazy-load-image-component-1.5.6.tgz"
  "version" "1.5.6"
  dependencies:
    "lodash.debounce" "^4.0.8"
    "lodash.throttle" "^4.1.1"

"react@^15.x.x || ^16.x.x || ^17.x.x || ^18.x.x", "react@^16.8.0  || ^17.0.0 || ^18.0.0", "react@^18.2.0":
  "integrity" "sha512-/3IjMdb2L9QbBdWiW5e3P2/npwMBaU9mHCSCUzNln0ZCYbcfTsGbTJrU/kGemdH2IWmB2ioZ+zkxtmq6g09fGQ=="
  "resolved" "https://registry.npmjs.org/react/-/react-18.2.0.tgz"
  "version" "18.2.0"
  dependencies:
    "loose-envify" "^1.1.0"

"resolve@^1.22.1":
  "integrity" "sha512-nBpuuYuY5jFsli/JIs1oldw6fOQCBioohqWZg/2hiaOybXOft4lonv85uDOKXdf8rhyK159cxU5cDcK/NKk8zw=="
  "resolved" "https://registry.npmjs.org/resolve/-/resolve-1.22.1.tgz"
  "version" "1.22.1"
  dependencies:
    "is-core-module" "^2.9.0"
    "path-parse" "^1.0.7"
    "supports-preserve-symlinks-flag" "^1.0.0"

"rollup@^3.18.0":
  "integrity" "sha512-3zwkBQl7Ai7MFYQE0y1MeQ15+9jsi7XxfrqwTb/9EK8D9C9+//EBR4M+CuA1KODRaNbFez/lWxA5vhEGZp4MUg=="
  "resolved" "https://registry.npmjs.org/rollup/-/rollup-3.20.2.tgz"
  "version" "3.20.2"
  optionalDependencies:
    "fsevents" "~2.3.2"

"scheduler@^0.23.0":
  "integrity" "sha512-CtuThmgHNg7zIZWAXi3AsyIzA3n4xx7aNyjwC2VJldO2LMVDhFK+63xGqq6CsJH4rTAt6/M+N4GhZiDYPx9eUw=="
  "resolved" "https://registry.npmjs.org/scheduler/-/scheduler-0.23.0.tgz"
  "version" "0.23.0"
  dependencies:
    "loose-envify" "^1.1.0"

"source-map-js@^1.0.2":
  "integrity" "sha512-R0XvVJ9WusLiqTCEiGCmICCMplcCkIwwR11mOSD9CR5u+IXYdiseeEuXCVAjS54zqwkLcPNnmU4OeJ6tUrWhDw=="
  "resolved" "https://registry.npmjs.org/source-map-js/-/source-map-js-1.0.2.tgz"
  "version" "1.0.2"

"supports-preserve-symlinks-flag@^1.0.0":
  "integrity" "sha512-ot0WnXS9fgdkgIcePe6RHNk1WA8+muPa6cSjeR3V8K27q9BB1rTE3R1p7Hv0z1ZyAc8s6Vvv8DIyWf681MAt0w=="
  "resolved" "https://registry.npmjs.org/supports-preserve-symlinks-flag/-/supports-preserve-symlinks-flag-1.0.0.tgz"
  "version" "1.0.0"

"typescript@^4.9.3":
  "integrity" "sha512-1FXk9E2Hm+QzZQ7z+McJiHL4NW1F2EzMu9Nq9i3zAaGqibafqYwCVU6WyWAuyQRRzOlxou8xZSyXLEN8oKj24g=="
  "resolved" "https://registry.npmjs.org/typescript/-/typescript-4.9.5.tgz"
  "version" "4.9.5"

"usehooks-ts@^2.9.1":
  "integrity" "sha512-2FAuSIGHlY+apM9FVlj8/oNhd+1y+Uwv5QNkMQz1oSfdHk4PXo1qoCw9I5M7j0vpH8CSWFJwXbVPeYDjLCx9PA=="
  "resolved" "https://registry.npmjs.org/usehooks-ts/-/usehooks-ts-2.9.1.tgz"
  "version" "2.9.1"

"vite@^4", "vite@^4.2.0":
  "integrity" "sha512-7MKhqdy0ISo4wnvwtqZkjke6XN4taqQ2TBaTccLIpOKv7Vp2h4Y+NpmWCnGDeSvvn45KxvWgGyb0MkHvY1vgbg=="
  "resolved" "https://registry.npmjs.org/vite/-/vite-4.2.1.tgz"
  "version" "4.2.1"
  dependencies:
    "esbuild" "^0.17.5"
    "postcss" "^8.4.21"
    "resolve" "^1.22.1"
    "rollup" "^3.18.0"
  optionalDependencies:
    "fsevents" "~2.3.2"
